
Microsoft Visual Studio Solution File, Format Version 12.00
# Visual Studio 15
VisualStudioVersion = 15.0.28010.2019
MinimumVisualStudioVersion = 10.0.40219.1
Project("{FAE04EC0-301F-11D3-BF4B-00C04F79EFBC}") = "PJsPlayhouse.Android", "PJsPlayhouse\PJsPlayhouse.Android\PJsPlayhouse.Android.csproj", "{792CD0FE-11EA-44B6-9C72-F6893638B3FE}"
EndProject
Project("{FAE04EC0-301F-11D3-BF4B-00C04F79EFBC}") = "PJsPlayhouse.iOS", "PJsPlayhouse\PJsPlayhouse.iOS\PJsPlayhouse.iOS.csproj", "{C1D83476-8126-4D0E-B957-FB05E904BCF3}"
EndProject
Project("{FAE04EC0-301F-11D3-BF4B-00C04F79EFBC}") = "PJsPlayhouse.UWP", "PJsPlayhouse\PJsPlayhouse.UWP\PJsPlayhouse.UWP.csproj", "{D6B1F4B8-6CDC-4833-B920-3F58F3DAC818}"
EndProject
Project("{9A19103F-16F7-4668-BE54-9A1E7A4F7556}") = "PJsPlayhouse", "PJsPlayhouse\PJsPlayhouse\PJsPlayhouse.csproj", "{FC069C69-DFE8-4FB0-BB58-21AEF16D0674}"
EndProject
Project("{FAE04EC0-301F-11D3-BF4B-00C04F79EFBC}") = "MobileServiceLayer", "MobileServiceLayer\MobileServiceLayer.csproj", "{7B6648D4-D818-455C-90DC-41E4E661663C}"
EndProject
Global
	GlobalSection(SolutionConfigurationPlatforms) = preSolution
		Ad-Hoc|Any CPU = Ad-Hoc|Any CPU
		Ad-Hoc|ARM = Ad-Hoc|ARM
		Ad-Hoc|iPhone = Ad-Hoc|iPhone
		Ad-Hoc|iPhoneSimulator = Ad-Hoc|iPhoneSimulator
		Ad-Hoc|x64 = Ad-Hoc|x64
		Ad-Hoc|x86 = Ad-Hoc|x86
		AppStore|Any CPU = AppStore|Any CPU
		AppStore|ARM = AppStore|ARM
		AppStore|iPhone = AppStore|iPhone
		AppStore|iPhoneSimulator = AppStore|iPhoneSimulator
		AppStore|x64 = AppStore|x64
		AppStore|x86 = AppStore|x86
		Debug|Any CPU = Debug|Any CPU
		Debug|ARM = Debug|ARM
		Debug|iPhone = Debug|iPhone
		Debug|iPhoneSimulator = Debug|iPhoneSimulator
		Debug|x64 = Debug|x64
		Debug|x86 = Debug|x86
		Release|Any CPU = Release|Any CPU
		Release|ARM = Release|ARM
		Release|iPhone = Release|iPhone
		Release|iPhoneSimulator = Release|iPhoneSimulator
		Release|x64 = Release|x64
		Release|x86 = Release|x86
	EndGlobalSection
	GlobalSection(ProjectConfigurationPlatforms) = postSolution
		{792CD0FE-11EA-44B6-9C72-F6893638B3FE}.Ad-Hoc|Any CPU.ActiveCfg = Release|Any CPU
		{792CD0FE-11EA-44B6-9C72-F6893638B3FE}.Ad-Hoc|Any CPU.Build.0 = Release|Any CPU
		{792CD0FE-11EA-44B6-9C72-F6893638B3FE}.Ad-Hoc|Any CPU.Deploy.0 = Release|Any CPU
		{792CD0FE-11EA-44B6-9C72-F6893638B3FE}.Ad-Hoc|ARM.ActiveCfg = Release|Any CPU
		{792CD0FE-11EA-44B6-9C72-F6893638B3FE}.Ad-Hoc|ARM.Build.0 = Release|Any CPU
		{792CD0FE-11EA-44B6-9C72-F6893638B3FE}.Ad-Hoc|ARM.Deploy.0 = Release|Any CPU
		{792CD0FE-11EA-44B6-9C72-F6893638B3FE}.Ad-Hoc|iPhone.ActiveCfg = Release|Any CPU
		{792CD0FE-11EA-44B6-9C72-F6893638B3FE}.Ad-Hoc|iPhone.Build.0 = Release|Any CPU
		{792CD0FE-11EA-44B6-9C72-F6893638B3FE}.Ad-Hoc|iPhone.Deploy.0 = Release|Any CPU
		{792CD0FE-11EA-44B6-9C72-F6893638B3FE}.Ad-Hoc|iPhoneSimulator.ActiveCfg = Release|Any CPU
		{792CD0FE-11EA-44B6-9C72-F6893638B3FE}.Ad-Hoc|iPhoneSimulator.Build.0 = Release|Any CPU
		{792CD0FE-11EA-44B6-9C72-F6893638B3FE}.Ad-Hoc|iPhoneSimulator.Deploy.0 = Release|Any CPU
		{792CD0FE-11EA-44B6-9C72-F6893638B3FE}.Ad-Hoc|x64.ActiveCfg = Release|Any CPU
		{792CD0FE-11EA-44B6-9C72-F6893638B3FE}.Ad-Hoc|x64.Build.0 = Release|Any CPU
		{792CD0FE-11EA-44B6-9C72-F6893638B3FE}.Ad-Hoc|x64.Deploy.0 = Release|Any CPU
		{792CD0FE-11EA-44B6-9C72-F6893638B3FE}.Ad-Hoc|x86.ActiveCfg = Release|Any CPU
		{792CD0FE-11EA-44B6-9C72-F6893638B3FE}.Ad-Hoc|x86.Build.0 = Release|Any CPU
		{792CD0FE-11EA-44B6-9C72-F6893638B3FE}.Ad-Hoc|x86.Deploy.0 = Release|Any CPU
		{792CD0FE-11EA-44B6-9C72-F6893638B3FE}.AppStore|Any CPU.ActiveCfg = Release|Any CPU
		{792CD0FE-11EA-44B6-9C72-F6893638B3FE}.AppStore|Any CPU.Build.0 = Release|Any CPU
		{792CD0FE-11EA-44B6-9C72-F6893638B3FE}.AppStore|Any CPU.Deploy.0 = Release|Any CPU
		{792CD0FE-11EA-44B6-9C72-F6893638B3FE}.AppStore|ARM.ActiveCfg = Release|Any CPU
		{792CD0FE-11EA-44B6-9C72-F6893638B3FE}.AppStore|ARM.Build.0 = Release|Any CPU
		{792CD0FE-11EA-44B6-9C72-F6893638B3FE}.AppStore|ARM.Deploy.0 = Release|Any CPU
		{792CD0FE-11EA-44B6-9C72-F6893638B3FE}.AppStore|iPhone.ActiveCfg = Release|Any CPU
		{792CD0FE-11EA-44B6-9C72-F6893638B3FE}.AppStore|iPhone.Build.0 = Release|Any CPU
		{792CD0FE-11EA-44B6-9C72-F6893638B3FE}.AppStore|iPhone.Deploy.0 = Release|Any CPU
		{792CD0FE-11EA-44B6-9C72-F6893638B3FE}.AppStore|iPhoneSimulator.ActiveCfg = Release|Any CPU
		{792CD0FE-11EA-44B6-9C72-F6893638B3FE}.AppStore|iPhoneSimulator.Build.0 = Release|Any CPU
		{792CD0FE-11EA-44B6-9C72-F6893638B3FE}.AppStore|iPhoneSimulator.Deploy.0 = Release|Any CPU
		{792CD0FE-11EA-44B6-9C72-F6893638B3FE}.AppStore|x64.ActiveCfg = Release|Any CPU
		{792CD0FE-11EA-44B6-9C72-F6893638B3FE}.AppStore|x64.Build.0 = Release|Any CPU
		{792CD0FE-11EA-44B6-9C72-F6893638B3FE}.AppStore|x64.Deploy.0 = Release|Any CPU
		{792CD0FE-11EA-44B6-9C72-F6893638B3FE}.AppStore|x86.ActiveCfg = Release|Any CPU
		{792CD0FE-11EA-44B6-9C72-F6893638B3FE}.AppStore|x86.Build.0 = Release|Any CPU
		{792CD0FE-11EA-44B6-9C72-F6893638B3FE}.AppStore|x86.Deploy.0 = Release|Any CPU
		{792CD0FE-11EA-44B6-9C72-F6893638B3FE}.Debug|Any CPU.ActiveCfg = Debug|Any CPU
		{792CD0FE-11EA-44B6-9C72-F6893638B3FE}.Debug|Any CPU.Build.0 = Debug|Any CPU
		{792CD0FE-11EA-44B6-9C72-F6893638B3FE}.Debug|Any CPU.Deploy.0 = Debug|Any CPU
		{792CD0FE-11EA-44B6-9C72-F6893638B3FE}.Debug|ARM.ActiveCfg = Debug|Any CPU
		{792CD0FE-11EA-44B6-9C72-F6893638B3FE}.Debug|ARM.Build.0 = Debug|Any CPU
		{792CD0FE-11EA-44B6-9C72-F6893638B3FE}.Debug|ARM.Deploy.0 = Debug|Any CPU
		{792CD0FE-11EA-44B6-9C72-F6893638B3FE}.Debug|iPhone.ActiveCfg = Debug|Any CPU
		{792CD0FE-11EA-44B6-9C72-F6893638B3FE}.Debug|iPhone.Build.0 = Debug|Any CPU
		{792CD0FE-11EA-44B6-9C72-F6893638B3FE}.Debug|iPhone.Deploy.0 = Debug|Any CPU
		{792CD0FE-11EA-44B6-9C72-F6893638B3FE}.Debug|iPhoneSimulator.ActiveCfg = Debug|Any CPU
		{792CD0FE-11EA-44B6-9C72-F6893638B3FE}.Debug|iPhoneSimulator.Build.0 = Debug|Any CPU
		{792CD0FE-11EA-44B6-9C72-F6893638B3FE}.Debug|iPhoneSimulator.Deploy.0 = Debug|Any CPU
		{792CD0FE-11EA-44B6-9C72-F6893638B3FE}.Debug|x64.ActiveCfg = Debug|Any CPU
		{792CD0FE-11EA-44B6-9C72-F6893638B3FE}.Debug|x64.Build.0 = Debug|Any CPU
		{792CD0FE-11EA-44B6-9C72-F6893638B3FE}.Debug|x64.Deploy.0 = Debug|Any CPU
		{792CD0FE-11EA-44B6-9C72-F6893638B3FE}.Debug|x86.ActiveCfg = Debug|Any CPU
		{792CD0FE-11EA-44B6-9C72-F6893638B3FE}.Debug|x86.Build.0 = Debug|Any CPU
		{792CD0FE-11EA-44B6-9C72-F6893638B3FE}.Debug|x86.Deploy.0 = Debug|Any CPU
		{792CD0FE-11EA-44B6-9C72-F6893638B3FE}.Release|Any CPU.ActiveCfg = Release|Any CPU
		{792CD0FE-11EA-44B6-9C72-F6893638B3FE}.Release|Any CPU.Build.0 = Release|Any CPU
		{792CD0FE-11EA-44B6-9C72-F6893638B3FE}.Release|Any CPU.Deploy.0 = Release|Any CPU
		{792CD0FE-11EA-44B6-9C72-F6893638B3FE}.Release|ARM.ActiveCfg = Release|Any CPU
		{792CD0FE-11EA-44B6-9C72-F6893638B3FE}.Release|ARM.Build.0 = Release|Any CPU
		{792CD0FE-11EA-44B6-9C72-F6893638B3FE}.Release|ARM.Deploy.0 = Release|Any CPU
		{792CD0FE-11EA-44B6-9C72-F6893638B3FE}.Release|iPhone.ActiveCfg = Release|Any CPU
		{792CD0FE-11EA-44B6-9C72-F6893638B3FE}.Release|iPhone.Build.0 = Release|Any CPU
		{792CD0FE-11EA-44B6-9C72-F6893638B3FE}.Release|iPhone.Deploy.0 = Release|Any CPU
		{792CD0FE-11EA-44B6-9C72-F6893638B3FE}.Release|iPhoneSimulator.ActiveCfg = Release|Any CPU
		{792CD0FE-11EA-44B6-9C72-F6893638B3FE}.Release|iPhoneSimulator.Build.0 = Release|Any CPU
		{792CD0FE-11EA-44B6-9C72-F6893638B3FE}.Release|iPhoneSimulator.Deploy.0 = Release|Any CPU
		{792CD0FE-11EA-44B6-9C72-F6893638B3FE}.Release|x64.ActiveCfg = Release|Any CPU
		{792CD0FE-11EA-44B6-9C72-F6893638B3FE}.Release|x64.Build.0 = Release|Any CPU
		{792CD0FE-11EA-44B6-9C72-F6893638B3FE}.Release|x64.Deploy.0 = Release|Any CPU
		{792CD0FE-11EA-44B6-9C72-F6893638B3FE}.Release|x86.ActiveCfg = Release|Any CPU
		{792CD0FE-11EA-44B6-9C72-F6893638B3FE}.Release|x86.Build.0 = Release|Any CPU
		{792CD0FE-11EA-44B6-9C72-F6893638B3FE}.Release|x86.Deploy.0 = Release|Any CPU
		{C1D83476-8126-4D0E-B957-FB05E904BCF3}.Ad-Hoc|Any CPU.ActiveCfg = Ad-Hoc|iPhone
		{C1D83476-8126-4D0E-B957-FB05E904BCF3}.Ad-Hoc|Any CPU.Build.0 = Ad-Hoc|iPhone
		{C1D83476-8126-4D0E-B957-FB05E904BCF3}.Ad-Hoc|Any CPU.Deploy.0 = Ad-Hoc|iPhone
		{C1D83476-8126-4D0E-B957-FB05E904BCF3}.Ad-Hoc|ARM.ActiveCfg = Ad-Hoc|iPhone
		{C1D83476-8126-4D0E-B957-FB05E904BCF3}.Ad-Hoc|ARM.Build.0 = Ad-Hoc|iPhone
		{C1D83476-8126-4D0E-B957-FB05E904BCF3}.Ad-Hoc|ARM.Deploy.0 = Ad-Hoc|iPhone
		{C1D83476-8126-4D0E-B957-FB05E904BCF3}.Ad-Hoc|iPhone.ActiveCfg = Ad-Hoc|iPhone
		{C1D83476-8126-4D0E-B957-FB05E904BCF3}.Ad-Hoc|iPhone.Build.0 = Ad-Hoc|iPhone
		{C1D83476-8126-4D0E-B957-FB05E904BCF3}.Ad-Hoc|iPhone.Deploy.0 = Ad-Hoc|iPhone
		{C1D83476-8126-4D0E-B957-FB05E904BCF3}.Ad-Hoc|iPhoneSimulator.ActiveCfg = Ad-Hoc|iPhoneSimulator
		{C1D83476-8126-4D0E-B957-FB05E904BCF3}.Ad-Hoc|iPhoneSimulator.Build.0 = Ad-Hoc|iPhoneSimulator
		{C1D83476-8126-4D0E-B957-FB05E904BCF3}.Ad-Hoc|iPhoneSimulator.Deploy.0 = Ad-Hoc|iPhoneSimulator
		{C1D83476-8126-4D0E-B957-FB05E904BCF3}.Ad-Hoc|x64.ActiveCfg = Ad-Hoc|iPhone
		{C1D83476-8126-4D0E-B957-FB05E904BCF3}.Ad-Hoc|x64.Build.0 = Ad-Hoc|iPhone
		{C1D83476-8126-4D0E-B957-FB05E904BCF3}.Ad-Hoc|x64.Deploy.0 = Ad-Hoc|iPhone
		{C1D83476-8126-4D0E-B957-FB05E904BCF3}.Ad-Hoc|x86.ActiveCfg = Ad-Hoc|iPhone
		{C1D83476-8126-4D0E-B957-FB05E904BCF3}.Ad-Hoc|x86.Build.0 = Ad-Hoc|iPhone
		{C1D83476-8126-4D0E-B957-FB05E904BCF3}.Ad-Hoc|x86.Deploy.0 = Ad-Hoc|iPhone
		{C1D83476-8126-4D0E-B957-FB05E904BCF3}.AppStore|Any CPU.ActiveCfg = AppStore|iPhone
		{C1D83476-8126-4D0E-B957-FB05E904BCF3}.AppStore|Any CPU.Build.0 = AppStore|iPhone
		{C1D83476-8126-4D0E-B957-FB05E904BCF3}.AppStore|Any CPU.Deploy.0 = AppStore|iPhone
		{C1D83476-8126-4D0E-B957-FB05E904BCF3}.AppStore|ARM.ActiveCfg = AppStore|iPhone
		{C1D83476-8126-4D0E-B957-FB05E904BCF3}.AppStore|ARM.Build.0 = AppStore|iPhone
		{C1D83476-8126-4D0E-B957-FB05E904BCF3}.AppStore|ARM.Deploy.0 = AppStore|iPhone
		{C1D83476-8126-4D0E-B957-FB05E904BCF3}.AppStore|iPhone.ActiveCfg = AppStore|iPhone
		{C1D83476-8126-4D0E-B957-FB05E904BCF3}.AppStore|iPhone.Build.0 = AppStore|iPhone
		{C1D83476-8126-4D0E-B957-FB05E904BCF3}.AppStore|iPhone.Deploy.0 = AppStore|iPhone
		{C1D83476-8126-4D0E-B957-FB05E904BCF3}.AppStore|iPhoneSimulator.ActiveCfg = AppStore|iPhoneSimulator
		{C1D83476-8126-4D0E-B957-FB05E904BCF3}.AppStore|iPhoneSimulator.Build.0 = AppStore|iPhoneSimulator
		{C1D83476-8126-4D0E-B957-FB05E904BCF3}.AppStore|iPhoneSimulator.Deploy.0 = AppStore|iPhoneSimulator
		{C1D83476-8126-4D0E-B957-FB05E904BCF3}.AppStore|x64.ActiveCfg = AppStore|iPhone
		{C1D83476-8126-4D0E-B957-FB05E904BCF3}.AppStore|x64.Build.0 = AppStore|iPhone
		{C1D83476-8126-4D0E-B957-FB05E904BCF3}.AppStore|x64.Deploy.0 = AppStore|iPhone
		{C1D83476-8126-4D0E-B957-FB05E904BCF3}.AppStore|x86.ActiveCfg = AppStore|iPhone
		{C1D83476-8126-4D0E-B957-FB05E904BCF3}.AppStore|x86.Build.0 = AppStore|iPhone
		{C1D83476-8126-4D0E-B957-FB05E904BCF3}.AppStore|x86.Deploy.0 = AppStore|iPhone
		{C1D83476-8126-4D0E-B957-FB05E904BCF3}.Debug|Any CPU.ActiveCfg = Debug|iPhoneSimulator
		{C1D83476-8126-4D0E-B957-FB05E904BCF3}.Debug|Any CPU.Build.0 = Debug|iPhoneSimulator
		{C1D83476-8126-4D0E-B957-FB05E904BCF3}.Debug|Any CPU.Deploy.0 = Debug|iPhoneSimulator
		{C1D83476-8126-4D0E-B957-FB05E904BCF3}.Debug|ARM.ActiveCfg = Debug|iPhone
		{C1D83476-8126-4D0E-B957-FB05E904BCF3}.Debug|ARM.Build.0 = Debug|iPhone
		{C1D83476-8126-4D0E-B957-FB05E904BCF3}.Debug|ARM.Deploy.0 = Debug|iPhone
		{C1D83476-8126-4D0E-B957-FB05E904BCF3}.Debug|iPhone.ActiveCfg = Debug|iPhone
		{C1D83476-8126-4D0E-B957-FB05E904BCF3}.Debug|iPhone.Build.0 = Debug|iPhone
		{C1D83476-8126-4D0E-B957-FB05E904BCF3}.Debug|iPhone.Deploy.0 = Debug|iPhone
		{C1D83476-8126-4D0E-B957-FB05E904BCF3}.Debug|iPhoneSimulator.ActiveCfg = Debug|iPhoneSimulator
		{C1D83476-8126-4D0E-B957-FB05E904BCF3}.Debug|iPhoneSimulator.Build.0 = Debug|iPhoneSimulator
		{C1D83476-8126-4D0E-B957-FB05E904BCF3}.Debug|iPhoneSimulator.Deploy.0 = Debug|iPhoneSimulator
		{C1D83476-8126-4D0E-B957-FB05E904BCF3}.Debug|x64.ActiveCfg = Debug|iPhone
		{C1D83476-8126-4D0E-B957-FB05E904BCF3}.Debug|x64.Build.0 = Debug|iPhone
		{C1D83476-8126-4D0E-B957-FB05E904BCF3}.Debug|x64.Deploy.0 = Debug|iPhone
		{C1D83476-8126-4D0E-B957-FB05E904BCF3}.Debug|x86.ActiveCfg = Debug|iPhone
		{C1D83476-8126-4D0E-B957-FB05E904BCF3}.Debug|x86.Build.0 = Debug|iPhone
		{C1D83476-8126-4D0E-B957-FB05E904BCF3}.Debug|x86.Deploy.0 = Debug|iPhone
		{C1D83476-8126-4D0E-B957-FB05E904BCF3}.Release|Any CPU.ActiveCfg = Release|iPhone
		{C1D83476-8126-4D0E-B957-FB05E904BCF3}.Release|Any CPU.Build.0 = Release|iPhone
		{C1D83476-8126-4D0E-B957-FB05E904BCF3}.Release|Any CPU.Deploy.0 = Release|iPhone
		{C1D83476-8126-4D0E-B957-FB05E904BCF3}.Release|ARM.ActiveCfg = Release|iPhone
		{C1D83476-8126-4D0E-B957-FB05E904BCF3}.Release|ARM.Build.0 = Release|iPhone
		{C1D83476-8126-4D0E-B957-FB05E904BCF3}.Release|ARM.Deploy.0 = Release|iPhone
		{C1D83476-8126-4D0E-B957-FB05E904BCF3}.Release|iPhone.ActiveCfg = Release|iPhone
		{C1D83476-8126-4D0E-B957-FB05E904BCF3}.Release|iPhone.Build.0 = Release|iPhone
		{C1D83476-8126-4D0E-B957-FB05E904BCF3}.Release|iPhone.Deploy.0 = Release|iPhone
		{C1D83476-8126-4D0E-B957-FB05E904BCF3}.Release|iPhoneSimulator.ActiveCfg = Release|iPhoneSimulator
		{C1D83476-8126-4D0E-B957-FB05E904BCF3}.Release|iPhoneSimulator.Build.0 = Release|iPhoneSimulator
		{C1D83476-8126-4D0E-B957-FB05E904BCF3}.Release|iPhoneSimulator.Deploy.0 = Release|iPhoneSimulator
		{C1D83476-8126-4D0E-B957-FB05E904BCF3}.Release|x64.ActiveCfg = Release|iPhone
		{C1D83476-8126-4D0E-B957-FB05E904BCF3}.Release|x64.Build.0 = Release|iPhone
		{C1D83476-8126-4D0E-B957-FB05E904BCF3}.Release|x64.Deploy.0 = Release|iPhone
		{C1D83476-8126-4D0E-B957-FB05E904BCF3}.Release|x86.ActiveCfg = Release|iPhone
		{C1D83476-8126-4D0E-B957-FB05E904BCF3}.Release|x86.Build.0 = Release|iPhone
		{C1D83476-8126-4D0E-B957-FB05E904BCF3}.Release|x86.Deploy.0 = Release|iPhone
		{D6B1F4B8-6CDC-4833-B920-3F58F3DAC818}.Ad-Hoc|Any CPU.ActiveCfg = Release|x86
		{D6B1F4B8-6CDC-4833-B920-3F58F3DAC818}.Ad-Hoc|Any CPU.Build.0 = Release|x86
		{D6B1F4B8-6CDC-4833-B920-3F58F3DAC818}.Ad-Hoc|Any CPU.Deploy.0 = Release|x86
		{D6B1F4B8-6CDC-4833-B920-3F58F3DAC818}.Ad-Hoc|ARM.ActiveCfg = Release|ARM
		{D6B1F4B8-6CDC-4833-B920-3F58F3DAC818}.Ad-Hoc|ARM.Build.0 = Release|ARM
		{D6B1F4B8-6CDC-4833-B920-3F58F3DAC818}.Ad-Hoc|ARM.Deploy.0 = Release|ARM
		{D6B1F4B8-6CDC-4833-B920-3F58F3DAC818}.Ad-Hoc|iPhone.ActiveCfg = Release|x86
		{D6B1F4B8-6CDC-4833-B920-3F58F3DAC818}.Ad-Hoc|iPhone.Build.0 = Release|x86
		{D6B1F4B8-6CDC-4833-B920-3F58F3DAC818}.Ad-Hoc|iPhone.Deploy.0 = Release|x86
		{D6B1F4B8-6CDC-4833-B920-3F58F3DAC818}.Ad-Hoc|iPhoneSimulator.ActiveCfg = Release|x86
		{D6B1F4B8-6CDC-4833-B920-3F58F3DAC818}.Ad-Hoc|iPhoneSimulator.Build.0 = Release|x86
		{D6B1F4B8-6CDC-4833-B920-3F58F3DAC818}.Ad-Hoc|iPhoneSimulator.Deploy.0 = Release|x86
		{D6B1F4B8-6CDC-4833-B920-3F58F3DAC818}.Ad-Hoc|x64.ActiveCfg = Release|x64
		{D6B1F4B8-6CDC-4833-B920-3F58F3DAC818}.Ad-Hoc|x64.Build.0 = Release|x64
		{D6B1F4B8-6CDC-4833-B920-3F58F3DAC818}.Ad-Hoc|x64.Deploy.0 = Release|x64
		{D6B1F4B8-6CDC-4833-B920-3F58F3DAC818}.Ad-Hoc|x86.ActiveCfg = Release|x86
		{D6B1F4B8-6CDC-4833-B920-3F58F3DAC818}.Ad-Hoc|x86.Build.0 = Release|x86
		{D6B1F4B8-6CDC-4833-B920-3F58F3DAC818}.Ad-Hoc|x86.Deploy.0 = Release|x86
		{D6B1F4B8-6CDC-4833-B920-3F58F3DAC818}.AppStore|Any CPU.ActiveCfg = Release|x86
		{D6B1F4B8-6CDC-4833-B920-3F58F3DAC818}.AppStore|Any CPU.Build.0 = Release|x86
		{D6B1F4B8-6CDC-4833-B920-3F58F3DAC818}.AppStore|Any CPU.Deploy.0 = Release|x86
		{D6B1F4B8-6CDC-4833-B920-3F58F3DAC818}.AppStore|ARM.ActiveCfg = Release|ARM
		{D6B1F4B8-6CDC-4833-B920-3F58F3DAC818}.AppStore|ARM.Build.0 = Release|ARM
		{D6B1F4B8-6CDC-4833-B920-3F58F3DAC818}.AppStore|ARM.Deploy.0 = Release|ARM
		{D6B1F4B8-6CDC-4833-B920-3F58F3DAC818}.AppStore|iPhone.ActiveCfg = Release|x86
		{D6B1F4B8-6CDC-4833-B920-3F58F3DAC818}.AppStore|iPhone.Build.0 = Release|x86
		{D6B1F4B8-6CDC-4833-B920-3F58F3DAC818}.AppStore|iPhone.Deploy.0 = Release|x86
		{D6B1F4B8-6CDC-4833-B920-3F58F3DAC818}.AppStore|iPhoneSimulator.ActiveCfg = Release|x86
		{D6B1F4B8-6CDC-4833-B920-3F58F3DAC818}.AppStore|iPhoneSimulator.Build.0 = Release|x86
		{D6B1F4B8-6CDC-4833-B920-3F58F3DAC818}.AppStore|iPhoneSimulator.Deploy.0 = Release|x86
		{D6B1F4B8-6CDC-4833-B920-3F58F3DAC818}.AppStore|x64.ActiveCfg = Release|x64
		{D6B1F4B8-6CDC-4833-B920-3F58F3DAC818}.AppStore|x64.Build.0 = Release|x64
		{D6B1F4B8-6CDC-4833-B920-3F58F3DAC818}.AppStore|x64.Deploy.0 = Release|x64
		{D6B1F4B8-6CDC-4833-B920-3F58F3DAC818}.AppStore|x86.ActiveCfg = Release|x86
		{D6B1F4B8-6CDC-4833-B920-3F58F3DAC818}.AppStore|x86.Build.0 = Release|x86
		{D6B1F4B8-6CDC-4833-B920-3F58F3DAC818}.AppStore|x86.Deploy.0 = Release|x86
		{D6B1F4B8-6CDC-4833-B920-3F58F3DAC818}.Debug|Any CPU.ActiveCfg = Debug|x86
		{D6B1F4B8-6CDC-4833-B920-3F58F3DAC818}.Debug|Any CPU.Build.0 = Debug|x86
		{D6B1F4B8-6CDC-4833-B920-3F58F3DAC818}.Debug|Any CPU.Deploy.0 = Debug|x86
		{D6B1F4B8-6CDC-4833-B920-3F58F3DAC818}.Debug|ARM.ActiveCfg = Debug|ARM
		{D6B1F4B8-6CDC-4833-B920-3F58F3DAC818}.Debug|ARM.Build.0 = Debug|ARM
		{D6B1F4B8-6CDC-4833-B920-3F58F3DAC818}.Debug|ARM.Deploy.0 = Debug|ARM
		{D6B1F4B8-6CDC-4833-B920-3F58F3DAC818}.Debug|iPhone.ActiveCfg = Debug|x86
		{D6B1F4B8-6CDC-4833-B920-3F58F3DAC818}.Debug|iPhone.Build.0 = Debug|x86
		{D6B1F4B8-6CDC-4833-B920-3F58F3DAC818}.Debug|iPhone.Deploy.0 = Debug|x86
		{D6B1F4B8-6CDC-4833-B920-3F58F3DAC818}.Debug|iPhoneSimulator.ActiveCfg = Debug|x86
		{D6B1F4B8-6CDC-4833-B920-3F58F3DAC818}.Debug|iPhoneSimulator.Build.0 = Debug|x86
		{D6B1F4B8-6CDC-4833-B920-3F58F3DAC818}.Debug|iPhoneSimulator.Deploy.0 = Debug|x86
		{D6B1F4B8-6CDC-4833-B920-3F58F3DAC818}.Debug|x64.ActiveCfg = Debug|x64
		{D6B1F4B8-6CDC-4833-B920-3F58F3DAC818}.Debug|x64.Build.0 = Debug|x64
		{D6B1F4B8-6CDC-4833-B920-3F58F3DAC818}.Debug|x64.Deploy.0 = Debug|x64
		{D6B1F4B8-6CDC-4833-B920-3F58F3DAC818}.Debug|x86.ActiveCfg = Debug|x86
		{D6B1F4B8-6CDC-4833-B920-3F58F3DAC818}.Debug|x86.Build.0 = Debug|x86
		{D6B1F4B8-6CDC-4833-B920-3F58F3DAC818}.Debug|x86.Deploy.0 = Debug|x86
		{D6B1F4B8-6CDC-4833-B920-3F58F3DAC818}.Release|Any CPU.ActiveCfg = Release|x86
		{D6B1F4B8-6CDC-4833-B920-3F58F3DAC818}.Release|Any CPU.Build.0 = Release|x86
		{D6B1F4B8-6CDC-4833-B920-3F58F3DAC818}.Release|Any CPU.Deploy.0 = Release|x86
		{D6B1F4B8-6CDC-4833-B920-3F58F3DAC818}.Release|ARM.ActiveCfg = Release|ARM
		{D6B1F4B8-6CDC-4833-B920-3F58F3DAC818}.Release|ARM.Build.0 = Release|ARM
		{D6B1F4B8-6CDC-4833-B920-3F58F3DAC818}.Release|ARM.Deploy.0 = Release|ARM
		{D6B1F4B8-6CDC-4833-B920-3F58F3DAC818}.Release|iPhone.ActiveCfg = Release|x86
		{D6B1F4B8-6CDC-4833-B920-3F58F3DAC818}.Release|iPhone.Build.0 = Release|x86
		{D6B1F4B8-6CDC-4833-B920-3F58F3DAC818}.Release|iPhone.Deploy.0 = Release|x86
		{D6B1F4B8-6CDC-4833-B920-3F58F3DAC818}.Release|iPhoneSimulator.ActiveCfg = Release|x86
		{D6B1F4B8-6CDC-4833-B920-3F58F3DAC818}.Release|iPhoneSimulator.Build.0 = Release|x86
		{D6B1F4B8-6CDC-4833-B920-3F58F3DAC818}.Release|iPhoneSimulator.Deploy.0 = Release|x86
		{D6B1F4B8-6CDC-4833-B920-3F58F3DAC818}.Release|x64.ActiveCfg = Release|x64
		{D6B1F4B8-6CDC-4833-B920-3F58F3DAC818}.Release|x64.Build.0 = Release|x64
		{D6B1F4B8-6CDC-4833-B920-3F58F3DAC818}.Release|x64.Deploy.0 = Release|x64
		{D6B1F4B8-6CDC-4833-B920-3F58F3DAC818}.Release|x86.ActiveCfg = Release|x86
		{D6B1F4B8-6CDC-4833-B920-3F58F3DAC818}.Release|x86.Build.0 = Release|x86
		{D6B1F4B8-6CDC-4833-B920-3F58F3DAC818}.Release|x86.Deploy.0 = Release|x86
		{FC069C69-DFE8-4FB0-BB58-21AEF16D0674}.Ad-Hoc|Any CPU.ActiveCfg = Debug|Any CPU
		{FC069C69-DFE8-4FB0-BB58-21AEF16D0674}.Ad-Hoc|Any CPU.Build.0 = Debug|Any CPU
		{FC069C69-DFE8-4FB0-BB58-21AEF16D0674}.Ad-Hoc|Any CPU.Deploy.0 = Debug|Any CPU
		{FC069C69-DFE8-4FB0-BB58-21AEF16D0674}.Ad-Hoc|ARM.ActiveCfg = Debug|Any CPU
		{FC069C69-DFE8-4FB0-BB58-21AEF16D0674}.Ad-Hoc|ARM.Build.0 = Debug|Any CPU
		{FC069C69-DFE8-4FB0-BB58-21AEF16D0674}.Ad-Hoc|ARM.Deploy.0 = Debug|Any CPU
		{FC069C69-DFE8-4FB0-BB58-21AEF16D0674}.Ad-Hoc|iPhone.ActiveCfg = Debug|Any CPU
		{FC069C69-DFE8-4FB0-BB58-21AEF16D0674}.Ad-Hoc|iPhone.Build.0 = Debug|Any CPU
		{FC069C69-DFE8-4FB0-BB58-21AEF16D0674}.Ad-Hoc|iPhone.Deploy.0 = Debug|Any CPU
		{FC069C69-DFE8-4FB0-BB58-21AEF16D0674}.Ad-Hoc|iPhoneSimulator.ActiveCfg = Debug|Any CPU
		{FC069C69-DFE8-4FB0-BB58-21AEF16D0674}.Ad-Hoc|iPhoneSimulator.Build.0 = Debug|Any CPU
		{FC069C69-DFE8-4FB0-BB58-21AEF16D0674}.Ad-Hoc|iPhoneSimulator.Deploy.0 = Debug|Any CPU
		{FC069C69-DFE8-4FB0-BB58-21AEF16D0674}.Ad-Hoc|x64.ActiveCfg = Debug|Any CPU
		{FC069C69-DFE8-4FB0-BB58-21AEF16D0674}.Ad-Hoc|x64.Build.0 = Debug|Any CPU
		{FC069C69-DFE8-4FB0-BB58-21AEF16D0674}.Ad-Hoc|x64.Deploy.0 = Debug|Any CPU
		{FC069C69-DFE8-4FB0-BB58-21AEF16D0674}.Ad-Hoc|x86.ActiveCfg = Debug|Any CPU
		{FC069C69-DFE8-4FB0-BB58-21AEF16D0674}.Ad-Hoc|x86.Build.0 = Debug|Any CPU
		{FC069C69-DFE8-4FB0-BB58-21AEF16D0674}.Ad-Hoc|x86.Deploy.0 = Debug|Any CPU
		{FC069C69-DFE8-4FB0-BB58-21AEF16D0674}.AppStore|Any CPU.ActiveCfg = Debug|Any CPU
		{FC069C69-DFE8-4FB0-BB58-21AEF16D0674}.AppStore|Any CPU.Build.0 = Debug|Any CPU
		{FC069C69-DFE8-4FB0-BB58-21AEF16D0674}.AppStore|Any CPU.Deploy.0 = Debug|Any CPU
		{FC069C69-DFE8-4FB0-BB58-21AEF16D0674}.AppStore|ARM.ActiveCfg = Debug|Any CPU
		{FC069C69-DFE8-4FB0-BB58-21AEF16D0674}.AppStore|ARM.Build.0 = Debug|Any CPU
		{FC069C69-DFE8-4FB0-BB58-21AEF16D0674}.AppStore|ARM.Deploy.0 = Debug|Any CPU
		{FC069C69-DFE8-4FB0-BB58-21AEF16D0674}.AppStore|iPhone.ActiveCfg = Debug|Any CPU
		{FC069C69-DFE8-4FB0-BB58-21AEF16D0674}.AppStore|iPhone.Build.0 = Debug|Any CPU
		{FC069C69-DFE8-4FB0-BB58-21AEF16D0674}.AppStore|iPhone.Deploy.0 = Debug|Any CPU
		{FC069C69-DFE8-4FB0-BB58-21AEF16D0674}.AppStore|iPhoneSimulator.ActiveCfg = Debug|Any CPU
		{FC069C69-DFE8-4FB0-BB58-21AEF16D0674}.AppStore|iPhoneSimulator.Build.0 = Debug|Any CPU
		{FC069C69-DFE8-4FB0-BB58-21AEF16D0674}.AppStore|iPhoneSimulator.Deploy.0 = Debug|Any CPU
		{FC069C69-DFE8-4FB0-BB58-21AEF16D0674}.AppStore|x64.ActiveCfg = Debug|Any CPU
		{FC069C69-DFE8-4FB0-BB58-21AEF16D0674}.AppStore|x64.Build.0 = Debug|Any CPU
		{FC069C69-DFE8-4FB0-BB58-21AEF16D0674}.AppStore|x64.Deploy.0 = Debug|Any CPU
		{FC069C69-DFE8-4FB0-BB58-21AEF16D0674}.AppStore|x86.ActiveCfg = Debug|Any CPU
		{FC069C69-DFE8-4FB0-BB58-21AEF16D0674}.AppStore|x86.Build.0 = Debug|Any CPU
		{FC069C69-DFE8-4FB0-BB58-21AEF16D0674}.AppStore|x86.Deploy.0 = Debug|Any CPU
		{FC069C69-DFE8-4FB0-BB58-21AEF16D0674}.Debug|Any CPU.ActiveCfg = Debug|Any CPU
		{FC069C69-DFE8-4FB0-BB58-21AEF16D0674}.Debug|Any CPU.Build.0 = Debug|Any CPU
		{FC069C69-DFE8-4FB0-BB58-21AEF16D0674}.Debug|Any CPU.Deploy.0 = Debug|Any CPU
		{FC069C69-DFE8-4FB0-BB58-21AEF16D0674}.Debug|ARM.ActiveCfg = Debug|Any CPU
		{FC069C69-DFE8-4FB0-BB58-21AEF16D0674}.Debug|ARM.Build.0 = Debug|Any CPU
		{FC069C69-DFE8-4FB0-BB58-21AEF16D0674}.Debug|ARM.Deploy.0 = Debug|Any CPU
		{FC069C69-DFE8-4FB0-BB58-21AEF16D0674}.Debug|iPhone.ActiveCfg = Debug|Any CPU
		{FC069C69-DFE8-4FB0-BB58-21AEF16D0674}.Debug|iPhone.Build.0 = Debug|Any CPU
		{FC069C69-DFE8-4FB0-BB58-21AEF16D0674}.Debug|iPhone.Deploy.0 = Debug|Any CPU
		{FC069C69-DFE8-4FB0-BB58-21AEF16D0674}.Debug|iPhoneSimulator.ActiveCfg = Debug|Any CPU
		{FC069C69-DFE8-4FB0-BB58-21AEF16D0674}.Debug|iPhoneSimulator.Build.0 = Debug|Any CPU
		{FC069C69-DFE8-4FB0-BB58-21AEF16D0674}.Debug|iPhoneSimulator.Deploy.0 = Debug|Any CPU
		{FC069C69-DFE8-4FB0-BB58-21AEF16D0674}.Debug|x64.ActiveCfg = Debug|Any CPU
		{FC069C69-DFE8-4FB0-BB58-21AEF16D0674}.Debug|x64.Build.0 = Debug|Any CPU
		{FC069C69-DFE8-4FB0-BB58-21AEF16D0674}.Debug|x64.Deploy.0 = Debug|Any CPU
		{FC069C69-DFE8-4FB0-BB58-21AEF16D0674}.Debug|x86.ActiveCfg = Debug|Any CPU
		{FC069C69-DFE8-4FB0-BB58-21AEF16D0674}.Debug|x86.Build.0 = Debug|Any CPU
		{FC069C69-DFE8-4FB0-BB58-21AEF16D0674}.Debug|x86.Deploy.0 = Debug|Any CPU
		{FC069C69-DFE8-4FB0-BB58-21AEF16D0674}.Release|Any CPU.ActiveCfg = Release|Any CPU
		{FC069C69-DFE8-4FB0-BB58-21AEF16D0674}.Release|Any CPU.Build.0 = Release|Any CPU
		{FC069C69-DFE8-4FB0-BB58-21AEF16D0674}.Release|Any CPU.Deploy.0 = Release|Any CPU
		{FC069C69-DFE8-4FB0-BB58-21AEF16D0674}.Release|ARM.ActiveCfg = Release|Any CPU
		{FC069C69-DFE8-4FB0-BB58-21AEF16D0674}.Release|ARM.Build.0 = Release|Any CPU
		{FC069C69-DFE8-4FB0-BB58-21AEF16D0674}.Release|ARM.Deploy.0 = Release|Any CPU
		{FC069C69-DFE8-4FB0-BB58-21AEF16D0674}.Release|iPhone.ActiveCfg = Release|Any CPU
		{FC069C69-DFE8-4FB0-BB58-21AEF16D0674}.Release|iPhone.Build.0 = Release|Any CPU
		{FC069C69-DFE8-4FB0-BB58-21AEF16D0674}.Release|iPhone.Deploy.0 = Release|Any CPU
		{FC069C69-DFE8-4FB0-BB58-21AEF16D0674}.Release|iPhoneSimulator.ActiveCfg = Release|Any CPU
		{FC069C69-DFE8-4FB0-BB58-21AEF16D0674}.Release|iPhoneSimulator.Build.0 = Release|Any CPU
		{FC069C69-DFE8-4FB0-BB58-21AEF16D0674}.Release|iPhoneSimulator.Deploy.0 = Release|Any CPU
		{FC069C69-DFE8-4FB0-BB58-21AEF16D0674}.Release|x64.ActiveCfg = Release|Any CPU
		{FC069C69-DFE8-4FB0-BB58-21AEF16D0674}.Release|x64.Build.0 = Release|Any CPU
		{FC069C69-DFE8-4FB0-BB58-21AEF16D0674}.Release|x64.Deploy.0 = Release|Any CPU
		{FC069C69-DFE8-4FB0-BB58-21AEF16D0674}.Release|x86.ActiveCfg = Release|Any CPU
		{FC069C69-DFE8-4FB0-BB58-21AEF16D0674}.Release|x86.Build.0 = Release|Any CPU
		{FC069C69-DFE8-4FB0-BB58-21AEF16D0674}.Release|x86.Deploy.0 = Release|Any CPU
		{7B6648D4-D818-455C-90DC-41E4E661663C}.Ad-Hoc|Any CPU.ActiveCfg = Debug|Any CPU
		{7B6648D4-D818-455C-90DC-41E4E661663C}.Ad-Hoc|Any CPU.Build.0 = Debug|Any CPU
		{7B6648D4-D818-455C-90DC-41E4E661663C}.Ad-Hoc|ARM.ActiveCfg = Debug|Any CPU
		{7B6648D4-D818-455C-90DC-41E4E661663C}.Ad-Hoc|ARM.Build.0 = Debug|Any CPU
		{7B6648D4-D818-455C-90DC-41E4E661663C}.Ad-Hoc|iPhone.ActiveCfg = Debug|Any CPU
		{7B6648D4-D818-455C-90DC-41E4E661663C}.Ad-Hoc|iPhone.Build.0 = Debug|Any CPU
		{7B6648D4-D818-455C-90DC-41E4E661663C}.Ad-Hoc|iPhoneSimulator.ActiveCfg = Debug|Any CPU
		{7B6648D4-D818-455C-90DC-41E4E661663C}.Ad-Hoc|iPhoneSimulator.Build.0 = Debug|Any CPU
		{7B6648D4-D818-455C-90DC-41E4E661663C}.Ad-Hoc|x64.ActiveCfg = Debug|Any CPU
		{7B6648D4-D818-455C-90DC-41E4E661663C}.Ad-Hoc|x64.Build.0 = Debug|Any CPU
		{7B6648D4-D818-455C-90DC-41E4E661663C}.Ad-Hoc|x86.ActiveCfg = Debug|Any CPU
		{7B6648D4-D818-455C-90DC-41E4E661663C}.Ad-Hoc|x86.Build.0 = Debug|Any CPU
		{7B6648D4-D818-455C-90DC-41E4E661663C}.AppStore|Any CPU.ActiveCfg = Debug|Any CPU
		{7B6648D4-D818-455C-90DC-41E4E661663C}.AppStore|Any CPU.Build.0 = Debug|Any CPU
		{7B6648D4-D818-455C-90DC-41E4E661663C}.AppStore|ARM.ActiveCfg = Debug|Any CPU
		{7B6648D4-D818-455C-90DC-41E4E661663C}.AppStore|ARM.Build.0 = Debug|Any CPU
		{7B6648D4-D818-455C-90DC-41E4E661663C}.AppStore|iPhone.ActiveCfg = Debug|Any CPU
		{7B6648D4-D818-455C-90DC-41E4E661663C}.AppStore|iPhone.Build.0 = Debug|Any CPU
		{7B6648D4-D818-455C-90DC-41E4E661663C}.AppStore|iPhoneSimulator.ActiveCfg = Debug|Any CPU
		{7B6648D4-D818-455C-90DC-41E4E661663C}.AppStore|iPhoneSimulator.Build.0 = Debug|Any CPU
		{7B6648D4-D818-455C-90DC-41E4E661663C}.AppStore|x64.ActiveCfg = Debug|Any CPU
		{7B6648D4-D818-455C-90DC-41E4E661663C}.AppStore|x64.Build.0 = Debug|Any CPU
		{7B6648D4-D818-455C-90DC-41E4E661663C}.AppStore|x86.ActiveCfg = Debug|Any CPU
		{7B6648D4-D818-455C-90DC-41E4E661663C}.AppStore|x86.Build.0 = Debug|Any CPU
		{7B6648D4-D818-455C-90DC-41E4E661663C}.Debug|Any CPU.ActiveCfg = Debug|Any CPU
		{7B6648D4-D818-455C-90DC-41E4E661663C}.Debug|Any CPU.Build.0 = Debug|Any CPU
		{7B6648D4-D818-455C-90DC-41E4E661663C}.Debug|ARM.ActiveCfg = Debug|Any CPU
		{7B6648D4-D818-455C-90DC-41E4E661663C}.Debug|ARM.Build.0 = Debug|Any CPU
		{7B6648D4-D818-455C-90DC-41E4E661663C}.Debug|iPhone.ActiveCfg = Debug|Any CPU
		{7B6648D4-D818-455C-90DC-41E4E661663C}.Debug|iPhone.Build.0 = Debug|Any CPU
		{7B6648D4-D818-455C-90DC-41E4E661663C}.Debug|iPhoneSimulator.ActiveCfg = Debug|Any CPU
		{7B6648D4-D818-455C-90DC-41E4E661663C}.Debug|iPhoneSimulator.Build.0 = Debug|Any CPU
		{7B6648D4-D818-455C-90DC-41E4E661663C}.Debug|x64.ActiveCfg = Debug|Any CPU
		{7B6648D4-D818-455C-90DC-41E4E661663C}.Debug|x64.Build.0 = Debug|Any CPU
		{7B6648D4-D818-455C-90DC-41E4E661663C}.Debug|x86.ActiveCfg = Debug|Any CPU
		{7B6648D4-D818-455C-90DC-41E4E661663C}.Debug|x86.Build.0 = Debug|Any CPU
		{7B6648D4-D818-455C-90DC-41E4E661663C}.Release|Any CPU.ActiveCfg = Release|Any CPU
		{7B6648D4-D818-455C-90DC-41E4E661663C}.Release|Any CPU.Build.0 = Release|Any CPU
		{7B6648D4-D818-455C-90DC-41E4E661663C}.Release|ARM.ActiveCfg = Release|Any CPU
		{7B6648D4-D818-455C-90DC-41E4E661663C}.Release|ARM.Build.0 = Release|Any CPU
		{7B6648D4-D818-455C-90DC-41E4E661663C}.Release|iPhone.ActiveCfg = Release|Any CPU
		{7B6648D4-D818-455C-90DC-41E4E661663C}.Release|iPhone.Build.0 = Release|Any CPU
		{7B6648D4-D818-455C-90DC-41E4E661663C}.Release|iPhoneSimulator.ActiveCfg = Release|Any CPU
		{7B6648D4-D818-455C-90DC-41E4E661663C}.Release|iPhoneSimulator.Build.0 = Release|Any CPU
		{7B6648D4-D818-455C-90DC-41E4E661663C}.Release|x64.ActiveCfg = Release|Any CPU
		{7B6648D4-D818-455C-90DC-41E4E661663C}.Release|x64.Build.0 = Release|Any CPU
		{7B6648D4-D818-455C-90DC-41E4E661663C}.Release|x86.ActiveCfg = Release|Any CPU
		{7B6648D4-D818-455C-90DC-41E4E661663C}.Release|x86.Build.0 = Release|Any CPU
	EndGlobalSection
	GlobalSection(SolutionProperties) = preSolution
		HideSolutionNode = FALSE
	EndGlobalSection
	GlobalSection(ExtensibilityGlobals) = postSolution
		SolutionGuid = {CB5A8E0D-D90F-4444-8036-308D4222094F}
	EndGlobalSection
EndGlobal
